# This file is automatically @generated by Poetry 1.5.1 and should not be changed by hand.

[[package]]
name = "freegames"
version = "2.5.3"
description = "Free Python Games"
optional = false
python-versions = ">=3.7"
files = [
    {file = "freegames-2.5.3-py3-none-any.whl", hash = "sha256:ab5a34298d36226cd286398c6589577ec19a4709d368006c37d9a2acca1d98c1"},
    {file = "freegames-2.5.3.tar.gz", hash = "sha256:a988eefff46fe55cf070980dc901dbc9f153b724a0d3810979e5907b97fa5506"},
]

[metadata]
lock-version = "2.0"
python-versions = ">=3.10.0,<3.11"
content-hash = "0798940adfd2cc103330e7ff27585953789f653e9ddc5aa9a5084b90fb038ab0"
